// !$*UTF8*$!
{
	archiveVersion = 1;
	classes = {
	};
	objectVersion = 46;
	objects = {

/* Begin PBXBuildFile section */
		F752859B1B1D2F5200A6AD9D /* JTBinaryHeap.h in CopyFiles */ = {isa = PBXBuildFile; fileRef = F752859A1B1D2F5200A6AD9D /* JTBinaryHeap.h */; };
		F752859D1B1D2F5200A6AD9D /* JTBinaryHeap.m in Sources */ = {isa = PBXBuildFile; fileRef = F752859C1B1D2F5200A6AD9D /* JTBinaryHeap.m */; };
		F75285A31B1D2F5200A6AD9D /* libJTBinaryHeap.a in Frameworks */ = {isa = PBXBuildFile; fileRef = F75285971B1D2F5200A6AD9D /* libJTBinaryHeap.a */; };
		F75285B21B1D302300A6AD9D /* JTBinaryHeapTests.m in Sources */ = {isa = PBXBuildFile; fileRef = F75285B11B1D302300A6AD9D /* JTBinaryHeapTests.m */; };
/* End PBXBuildFile section */

/* Begin PBXContainerItemProxy section */
		F75285A41B1D2F5200A6AD9D /* PBXContainerItemProxy */ = {
			isa = PBXContainerItemProxy;
			containerPortal = F752858F1B1D2F5200A6AD9D /* Project object */;
			proxyType = 1;
			remoteGlobalIDString = F75285961B1D2F5200A6AD9D;
			remoteInfo = JTBinaryHeap;
		};
/* End PBXContainerItemProxy section */

/* Begin PBXCopyFilesBuildPhase section */
		F75285951B1D2F5200A6AD9D /* CopyFiles */ = {
			isa = PBXCopyFilesBuildPhase;
			buildActionMask = 2147483647;
			dstPath = "include/$(PRODUCT_NAME)";
			dstSubfolderSpec = 16;
			files = (
				F752859B1B1D2F5200A6AD9D /* JTBinaryHeap.h in CopyFiles */,
			);
			runOnlyForDeploymentPostprocessing = 0;
		};
/* End PBXCopyFilesBuildPhase section */

/* Begin PBXFileReference section */
		F75285971B1D2F5200A6AD9D /* libJTBinaryHeap.a */ = {isa = PBXFileReference; explicitFileType = archive.ar; includeInIndex = 0; path = libJTBinaryHeap.a; sourceTree = BUILT_PRODUCTS_DIR; };
		F752859A1B1D2F5200A6AD9D /* JTBinaryHeap.h */ = {isa = PBXFileReference; lastKnownFileType = sourcecode.c.h; path = JTBinaryHeap.h; sourceTree = "<group>"; };
		F752859C1B1D2F5200A6AD9D /* JTBinaryHeap.m */ = {isa = PBXFileReference; lastKnownFileType = sourcecode.c.objc; path = JTBinaryHeap.m; sourceTree = "<group>"; };
		F75285A21B1D2F5200A6AD9D /* JTBinaryHeapTests.xctest */ = {isa = PBXFileReference; explicitFileType = wrapper.cfbundle; includeInIndex = 0; path = JTBinaryHeapTests.xctest; sourceTree = BUILT_PRODUCTS_DIR; };
		F75285A81B1D2F5200A6AD9D /* Info.plist */ = {isa = PBXFileReference; lastKnownFileType = text.plist.xml; path = Info.plist; sourceTree = "<group>"; };
		F75285B11B1D302300A6AD9D /* JTBinaryHeapTests.m */ = {isa = PBXFileReference; fileEncoding = 4; lastKnownFileType = sourcecode.c.objc; path = JTBinaryHeapTests.m; sourceTree = "<group>"; };
/* End PBXFileReference section */

/* Begin PBXFrameworksBuildPhase section */
		F75285941B1D2F5200A6AD9D /* Frameworks */ = {
			isa = PBXFrameworksBuildPhase;
			buildActionMask = 2147483647;
			files = (
			);
			runOnlyForDeploymentPostprocessing = 0;
		};
		F752859F1B1D2F5200A6AD9D /* Frameworks */ = {
			isa = PBXFrameworksBuildPhase;
			buildActionMask = 2147483647;
			files = (
				F75285A31B1D2F5200A6AD9D /* libJTBinaryHeap.a in Frameworks */,
			);
			runOnlyForDeploymentPostprocessing = 0;
		};
/* End PBXFrameworksBuildPhase section */

/* Begin PBXGroup section */
		F752858E1B1D2F5200A6AD9D = {
			isa = PBXGroup;
			children = (
				F75285991B1D2F5200A6AD9D /* JTBinaryHeap */,
				F75285A61B1D2F5200A6AD9D /* JTBinaryHeapTests */,
				F75285981B1D2F5200A6AD9D /* Products */,
			);
			sourceTree = "<group>";
		};
		F75285981B1D2F5200A6AD9D /* Products */ = {
			isa = PBXGroup;
			children = (
				F75285971B1D2F5200A6AD9D /* libJTBinaryHeap.a */,
				F75285A21B1D2F5200A6AD9D /* JTBinaryHeapTests.xctest */,
			);
			name = Products;
			sourceTree = "<group>";
		};
		F75285991B1D2F5200A6AD9D /* JTBinaryHeap */ = {
			isa = PBXGroup;
			children = (
				F752859A1B1D2F5200A6AD9D /* JTBinaryHeap.h */,
				F752859C1B1D2F5200A6AD9D /* JTBinaryHeap.m */,
			);
			path = JTBinaryHeap;
			sourceTree = "<group>";
		};
		F75285A61B1D2F5200A6AD9D /* JTBinaryHeapTests */ = {
			isa = PBXGroup;
			children = (
				F75285A71B1D2F5200A6AD9D /* Supporting Files */,
				F75285B11B1D302300A6AD9D /* JTBinaryHeapTests.m */,
			);
			path = JTBinaryHeapTests;
			sourceTree = "<group>";
		};
		F75285A71B1D2F5200A6AD9D /* Supporting Files */ = {
			isa = PBXGroup;
			children = (
				F75285A81B1D2F5200A6AD9D /* Info.plist */,
			);
			name = "Supporting Files";
			sourceTree = "<group>";
		};
/* End PBXGroup section */

/* Begin PBXNativeTarget section */
		F75285961B1D2F5200A6AD9D /* JTBinaryHeap */ = {
			isa = PBXNativeTarget;
			buildConfigurationList = F75285AB1B1D2F5200A6AD9D /* Build configuration list for PBXNativeTarget "JTBinaryHeap" */;
			buildPhases = (
				F75285931B1D2F5200A6AD9D /* Sources */,
				F75285941B1D2F5200A6AD9D /* Frameworks */,
				F75285951B1D2F5200A6AD9D /* CopyFiles */,
			);
			buildRules = (
			);
			dependencies = (
			);
			name = JTBinaryHeap;
			productName = JTBinaryHeap;
			productReference = F75285971B1D2F5200A6AD9D /* libJTBinaryHeap.a */;
			productType = "com.apple.product-type.library.static";
		};
		F75285A11B1D2F5200A6AD9D /* JTBinaryHeapTests */ = {
			isa = PBXNativeTarget;
			buildConfigurationList = F75285AE1B1D2F5200A6AD9D /* Build configuration list for PBXNativeTarget "JTBinaryHeapTests" */;
			buildPhases = (
				F752859E1B1D2F5200A6AD9D /* Sources */,
				F752859F1B1D2F5200A6AD9D /* Frameworks */,
				F75285A01B1D2F5200A6AD9D /* Resources */,
			);
			buildRules = (
			);
			dependencies = (
				F75285A51B1D2F5200A6AD9D /* PBXTargetDependency */,
			);
			name = JTBinaryHeapTests;
			productName = JTBinaryHeapTests;
			productReference = F75285A21B1D2F5200A6AD9D /* JTBinaryHeapTests.xctest */;
			productType = "com.apple.product-type.bundle.unit-test";
		};
/* End PBXNativeTarget section */

/* Begin PBXProject section */
		F752858F1B1D2F5200A6AD9D /* Project object */ = {
			isa = PBXProject;
			attributes = {
				LastUpgradeCheck = 0630;
				ORGANIZATIONNAME = "Joshua Tessier";
				TargetAttributes = {
					F75285961B1D2F5200A6AD9D = {
						CreatedOnToolsVersion = 6.3.2;
					};
					F75285A11B1D2F5200A6AD9D = {
						CreatedOnToolsVersion = 6.3.2;
					};
				};
			};
			buildConfigurationList = F75285921B1D2F5200A6AD9D /* Build configuration list for PBXProject "JTBinaryHeap" */;
			compatibilityVersion = "Xcode 3.2";
			developmentRegion = English;
			hasScannedForEncodings = 0;
			knownRegions = (
				en,
			);
			mainGroup = F752858E1B1D2F5200A6AD9D;
			productRefGroup = F75285981B1D2F5200A6AD9D /* Products */;
			projectDirPath = "";
			projectRoot = "";
			targets = (
				F75285961B1D2F5200A6AD9D /* JTBinaryHeap */,
				F75285A11B1D2F5200A6AD9D /* JTBinaryHeapTests */,
			);
		};
/* End PBXProject section */

/* Begin PBXResourcesBuildPhase section */
		F75285A01B1D2F5200A6AD9D /* Resources */ = {
			isa = PBXResourcesBuildPhase;
			buildActionMask = 2147483647;
			files = (
			);
			runOnlyForDeploymentPostprocessing = 0;
		};
/* End PBXResourcesBuildPhase section */

/* Begin PBXSourcesBuildPhase section */
		F75285931B1D2F5200A6AD9D /* Sources */ = {
			isa = PBXSourcesBuildPhase;
			buildActionMask = 2147483647;
			files = (
				F752859D1B1D2F5200A6AD9D /* JTBinaryHeap.m in Sources */,
			);
			runOnlyForDeploymentPostprocessing = 0;
		};
		F752859E1B1D2F5200A6AD9D /* Sources */ = {
			isa = PBXSourcesBuildPhase;
			buildActionMask = 2147483647;
			files = (
				F75285B21B1D302300A6AD9D /* JTBinaryHeapTests.m in Sources */,
			);
			runOnlyForDeploymentPostprocessing = 0;
		};
/* End PBXSourcesBuildPhase section */

/* Begin PBXTargetDependency section */
		F75285A51B1D2F5200A6AD9D /* PBXTargetDependency */ = {
			isa = PBXTargetDependency;
			target = F75285961B1D2F5200A6AD9D /* JTBinaryHeap */;
			targetProxy = F75285A41B1D2F5200A6AD9D /* PBXContainerItemProxy */;
		};
/* End PBXTargetDependency section */

/* Begin XCBuildConfiguration section */
		F75285A91B1D2F5200A6AD9D /* Debug */ = {
			isa = XCBuildConfiguration;
			buildSettings = {
				ALWAYS_SEARCH_USER_PATHS = NO;
				CLANG_CXX_LANGUAGE_STANDARD = "gnu++0x";
				CLANG_CXX_LIBRARY = "libc++";
				CLANG_ENABLE_MODULES = YES;
				CLANG_ENABLE_OBJC_ARC = YES;
				CLANG_WARN_BOOL_CONVERSION = YES;
				CLANG_WARN_CONSTANT_CONVERSION = YES;
				CLANG_WARN_DIRECT_OBJC_ISA_USAGE = YES_ERROR;
				CLANG_WARN_EMPTY_BODY = YES;
				CLANG_WARN_ENUM_CONVERSION = YES;
				CLANG_WARN_INT_CONVERSION = YES;
				CLANG_WARN_OBJC_ROOT_CLASS = YES_ERROR;
				CLANG_WARN_UNREACHABLE_CODE = YES;
				CLANG_WARN__DUPLICATE_METHOD_MATCH = YES;
				COPY_PHASE_STRIP = NO;
				DEBUG_INFORMATION_FORMAT = "dwarf-with-dsym";
				ENABLE_STRICT_OBJC_MSGSEND = YES;
				GCC_C_LANGUAGE_STANDARD = gnu99;
				GCC_DYNAMIC_NO_PIC = NO;
				GCC_NO_COMMON_BLOCKS = YES;
				GCC_OPTIMIZATION_LEVEL = 0;
				GCC_PREPROCESSOR_DEFINITIONS = (
					"DEBUG=1",
					"$(inherited)",
				);
				GCC_SYMBOLS_PRIVATE_EXTERN = NO;
				GCC_WARN_64_TO_32_BIT_CONVERSION = YES;
				GCC_WARN_ABOUT_RETURN_TYPE = YES_ERROR;
				GCC_WARN_UNDECLARED_SELECTOR = YES;
				GCC_WARN_UNINITIALIZED_AUTOS = YES_AGGRESSIVE;
				GCC_WARN_UNUSED_FUNCTION = YES;
				GCC_WARN_UNUSED_VARIABLE = YES;
				IPHONEOS_DEPLOYMENT_TARGET = 8.3;
				MTL_ENABLE_DEBUG_INFO = YES;
				ONLY_ACTIVE_ARCH = YES;
				SDKROOT = iphoneos;
			};
			name = Debug;
		};
		F75285AA1B1D2F5200A6AD9D /* Release */ = {
			isa = XCBuildConfiguration;
			buildSettings = {
				ALWAYS_SEARCH_USER_PATHS = NO;
				CLANG_CXX_LANGUAGE_STANDARD = "gnu++0x";
				CLANG_CXX_LIBRARY = "libc++";
				CLANG_ENABLE_MODULES = YES;
				CLANG_ENABLE_OBJC_ARC = YES;
				CLANG_WARN_BOOL_CONVERSION = YES;
				CLANG_WARN_CONSTANT_CONVERSION = YES;
				CLANG_WARN_DIRECT_OBJC_ISA_USAGE = YES_ERROR;
				CLANG_WARN_EMPTY_BODY = YES;
				CLANG_WARN_ENUM_CONVERSION = YES;
				CLANG_WARN_INT_CONVERSION = YES;
				CLANG_WARN_OBJC_ROOT_CLASS = YES_ERROR;
				CLANG_WARN_UNREACHABLE_CODE = YES;
				CLANG_WARN__DUPLICATE_METHOD_MATCH = YES;
				COPY_PHASE_STRIP = NO;
				DEBUG_INFORMATION_FORMAT = "dwarf-with-dsym";
				ENABLE_NS_ASSERTIONS = NO;
				ENABLE_STRICT_OBJC_MSGSEND = YES;
				GCC_C_LANGUAGE_STANDARD = gnu99;
				GCC_NO_COMMON_BLOCKS = YES;
				GCC_WARN_64_TO_32_BIT_CONVERSION = YES;
				GCC_WARN_ABOUT_RETURN_TYPE = YES_ERROR;
				GCC_WARN_UNDECLARED_SELECTOR = YES;
				GCC_WARN_UNINITIALIZED_AUTOS = YES_AGGRESSIVE;
				GCC_WARN_UNUSED_FUNCTION = YES;
				GCC_WARN_UNUSED_VARIABLE = YES;
				IPHONEOS_DEPLOYMENT_TARGET = 8.3;
				MTL_ENABLE_DEBUG_INFO = NO;
				SDKROOT = iphoneos;
				VALIDATE_PRODUCT = YES;
			};
			name = Release;
		};
		F75285AC1B1D2F5200A6AD9D /* Debug */ = {
			isa = XCBuildConfiguration;
			buildSettings = {
				OTHER_LDFLAGS = "-ObjC";
				PRODUCT_NAME = "$(TARGET_NAME)";
				SKIP_INSTALL = YES;
			};
			name = Debug;
		};
		F75285AD1B1D2F5200A6AD9D /* Release */ = {
			isa = XCBuildConfiguration;
			buildSettings = {
				OTHER_LDFLAGS = "-ObjC";
				PRODUCT_NAME = "$(TARGET_NAME)";
				SKIP_INSTALL = YES;
			};
			name = Release;
		};
		F75285AF1B1D2F5200A6AD9D /* Debug */ = {
			isa = XCBuildConfiguration;
			buildSettings = {
				"CODE_SIGN_IDENTITY[sdk=iphoneos*]" = "iPhone Developer";
				FRAMEWORK_SEARCH_PATHS = (
					"$(SDKROOT)/Developer/Library/Frameworks",
					"$(inherited)",
				);
				GCC_PREPROCESSOR_DEFINITIONS = (
					"DEBUG=1",
					"$(inherited)",
				);
				INFOPLIST_FILE = JTBinaryHeapTests/Info.plist;
				LD_RUNPATH_SEARCH_PATHS = "$(inherited) @executable_path/Frameworks @loader_path/Frameworks";
				PRODUCT_NAME = "$(TARGET_NAME)";
			};
			name = Debug;
		};
		F75285B01B1D2F5200A6AD9D /* Release */ = {
			isa = XCBuildConfiguration;
			buildSettings = {
				"CODE_SIGN_IDENTITY[sdk=iphoneos*]" = "iPhone Developer";
				FRAMEWORK_SEARCH_PATHS = (
					"$(SDKROOT)/Developer/Library/Frameworks",
					"$(inherited)",
				);
				INFOPLIST_FILE = JTBinaryHeapTests/Info.plist;
				LD_RUNPATH_SEARCH_PATHS = "$(inherited) @executable_path/Frameworks @loader_path/Frameworks";
				PRODUCT_NAME = "$(TARGET_NAME)";
			};
			name = Release;
		};
/* End XCBuildConfiguration section */

/* Begin XCConfigurationList section */
		F75285921B1D2F5200A6AD9D /* Build configuration list for PBXProject "JTBinaryHeap" */ = {
			isa = XCConfigurationList;
			buildConfigurations = (
				F75285A91B1D2F5200A6AD9D /* Debug */,
				F75285AA1B1D2F5200A6AD9D /* Release */,
			);
			defaultConfigurationIsVisible = 0;
			defaultConfigurationName = Release;
		};
		F75285AB1B1D2F5200A6AD9D /* Build configuration list for PBXNativeTarget "JTBinaryHeap" */ = {
			isa = XCConfigurationList;
			buildConfigurations = (
				F75285AC1B1D2F5200A6AD9D /* Debug */,
				F75285AD1B1D2F5200A6AD9D /* Release */,
			);
			defaultConfigurationIsVisible = 0;
		};
		F75285AE1B1D2F5200A6AD9D /* Build configuration list for PBXNativeTarget "JTBinaryHeapTests" */ = {
			isa = XCConfigurationList;
			buildConfigurations = (
				F75285AF1B1D2F5200A6AD9D /* Debug */,
				F75285B01B1D2F5200A6AD9D /* Release */,
			);
			defaultConfigurationIsVisible = 0;
		};
/* End XCConfigurationList section */
	};
	rootObject = F752858F1B1D2F5200A6AD9D /* Project object */;
}
